
Microsoft Visual Studio Solution File, Format Version 12.00
# Visual Studio 15
VisualStudioVersion = 15.0.28307.852
MinimumVisualStudioVersion = 10.0.40219.1
Project("{FAE04EC0-301F-11D3-BF4B-00C04F79EFBC}") = "FluffyDuffyCat", "FluffyDuffyCat\FluffyDuffyCat.csproj", "{B34C9618-8DEC-4033-828D-D5665468D614}"
EndProject
Global
	GlobalSection(SolutionConfigurationPlatforms) = preSolution
		Debug|Any CPU = Debug|Any CPU
		Release|Any CPU = Release|Any CPU
	EndGlobalSection
	GlobalSection(ProjectConfigurationPlatforms) = postSolution
		{B34C9618-8DEC-4033-828D-D5665468D614}.Debug|Any CPU.ActiveCfg = Debug|Any CPU
		{B34C9618-8DEC-4033-828D-D5665468D614}.Debug|Any CPU.Build.0 = Debug|Any CPU
		{B34C9618-8DEC-4033-828D-D5665468D614}.Release|Any CPU.ActiveCfg = Release|Any CPU
		{B34C9618-8DEC-4033-828D-D5665468D614}.Release|Any CPU.Build.0 = Release|Any CPU
	EndGlobalSection
	GlobalSection(SolutionProperties) = preSolution
		HideSolutionNode = FALSE
	EndGlobalSection
	GlobalSection(ExtensibilityGlobals) = postSolution
		SolutionGuid = {F95E780E-015F-4135-B315-9AC365B1BEF9}
	EndGlobalSection
EndGlobal
